// !$*UTF8*$!
{
	archiveVersion = 1;
	classes = {
	};
	objectVersion = 48;
	objects = {

/* Begin PBXBuildFile section */
		0897B7F92040375500D88BF9 /* DogParseTests.swift in Sources */ = {isa = PBXBuildFile; fileRef = 0897B7F82040375500D88BF9 /* DogParseTests.swift */; };
		08D19D5520405E06001E90C2 /* UIImageView+Extension.swift in Sources */ = {isa = PBXBuildFile; fileRef = 08D19D5420405E06001E90C2 /* UIImageView+Extension.swift */; };
		08D19D5720405F0A001E90C2 /* ImageCache.swift in Sources */ = {isa = PBXBuildFile; fileRef = 08D19D5620405F0A001E90C2 /* ImageCache.swift */; };
		08D19D5D204075F8001E90C2 /* DogViewModelTests.swift in Sources */ = {isa = PBXBuildFile; fileRef = 08D19D5C204075F8001E90C2 /* DogViewModelTests.swift */; };
		08D19D6320407A52001E90C2 /* Response.swift in Sources */ = {isa = PBXBuildFile; fileRef = 08D19D6220407A52001E90C2 /* Response.swift */; };
		08D19D6520407A71001E90C2 /* CustomError.swift in Sources */ = {isa = PBXBuildFile; fileRef = 08D19D6420407A71001E90C2 /* CustomError.swift */; };
		08D19D7520407AA9001E90C2 /* DogsViewController.swift in Sources */ = {isa = PBXBuildFile; fileRef = 08D19D6820407AA9001E90C2 /* DogsViewController.swift */; };
		08D19D7620407AA9001E90C2 /* Dog.swift in Sources */ = {isa = PBXBuildFile; fileRef = 08D19D6A20407AA9001E90C2 /* Dog.swift */; };
		08D19D7720407AA9001E90C2 /* DogParse.swift in Sources */ = {isa = PBXBuildFile; fileRef = 08D19D6C20407AA9001E90C2 /* DogParse.swift */; };
		08D19D7820407AA9001E90C2 /* RandomImageParse.swift in Sources */ = {isa = PBXBuildFile; fileRef = 08D19D6D20407AA9001E90C2 /* RandomImageParse.swift */; };
		08D19D7920407AA9001E90C2 /* DogsViewModel.swift in Sources */ = {isa = PBXBuildFile; fileRef = 08D19D6F20407AA9001E90C2 /* DogsViewModel.swift */; };
		08D19D7A20407AA9001E90C2 /* DogViewModel.swift in Sources */ = {isa = PBXBuildFile; fileRef = 08D19D7020407AA9001E90C2 /* DogViewModel.swift */; };
		08D19D7B20407AA9001E90C2 /* DogsViewController.xib in Resources */ = {isa = PBXBuildFile; fileRef = 08D19D7220407AA9001E90C2 /* DogsViewController.xib */; };
		08D19D7C20407AA9001E90C2 /* DogTableViewCell.swift in Sources */ = {isa = PBXBuildFile; fileRef = 08D19D7320407AA9001E90C2 /* DogTableViewCell.swift */; };
		08D19D7D20407AA9001E90C2 /* DogTableViewCell.xib in Resources */ = {isa = PBXBuildFile; fileRef = 08D19D7420407AA9001E90C2 /* DogTableViewCell.xib */; };
		08D19D7F20407ADA001E90C2 /* DogsTableViewDataSource.swift in Sources */ = {isa = PBXBuildFile; fileRef = 08D19D7E20407ADA001E90C2 /* DogsTableViewDataSource.swift */; };
		08DE9C92203D946A0007FC14 /* AppDelegate.swift in Sources */ = {isa = PBXBuildFile; fileRef = 08DE9C91203D946A0007FC14 /* AppDelegate.swift */; };
		08DE9C99203D946A0007FC14 /* Assets.xcassets in Resources */ = {isa = PBXBuildFile; fileRef = 08DE9C98203D946A0007FC14 /* Assets.xcassets */; };
		08DE9C9C203D946A0007FC14 /* LaunchScreen.storyboard in Resources */ = {isa = PBXBuildFile; fileRef = 08DE9C9A203D946A0007FC14 /* LaunchScreen.storyboard */; };
		08DE9CB4203D94CD0007FC14 /* Coordinator.swift in Sources */ = {isa = PBXBuildFile; fileRef = 08DE9CB3203D94CD0007FC14 /* Coordinator.swift */; };
		08DE9CC4203D98320007FC14 /* APIService.swift in Sources */ = {isa = PBXBuildFile; fileRef = 08DE9CC3203D98320007FC14 /* APIService.swift */; };
/* End PBXBuildFile section */

/* Begin PBXContainerItemProxy section */
		08DE9CA3203D946A0007FC14 /* PBXContainerItemProxy */ = {
			isa = PBXContainerItemProxy;
			containerPortal = 08DE9C86203D946A0007FC14 /* Project object */;
			proxyType = 1;
			remoteGlobalIDString = 08DE9C8D203D946A0007FC14;
			remoteInfo = SwiftMVVM;
		};
/* End PBXContainerItemProxy section */

/* Begin PBXFileReference section */
		0897B7F82040375500D88BF9 /* DogParseTests.swift */ = {isa = PBXFileReference; lastKnownFileType = sourcecode.swift; path = DogParseTests.swift; sourceTree = "<group>"; };
		08D19D5420405E06001E90C2 /* UIImageView+Extension.swift */ = {isa = PBXFileReference; lastKnownFileType = sourcecode.swift; path = "UIImageView+Extension.swift"; sourceTree = "<group>"; };
		08D19D5620405F0A001E90C2 /* ImageCache.swift */ = {isa = PBXFileReference; lastKnownFileType = sourcecode.swift; path = ImageCache.swift; sourceTree = "<group>"; };
		08D19D5C204075F8001E90C2 /* DogViewModelTests.swift */ = {isa = PBXFileReference; lastKnownFileType = sourcecode.swift; path = DogViewModelTests.swift; sourceTree = "<group>"; };
		08D19D6220407A52001E90C2 /* Response.swift */ = {isa = PBXFileReference; lastKnownFileType = sourcecode.swift; path = Response.swift; sourceTree = "<group>"; };
		08D19D6420407A71001E90C2 /* CustomError.swift */ = {isa = PBXFileReference; lastKnownFileType = sourcecode.swift; path = CustomError.swift; sourceTree = "<group>"; };
		08D19D6820407AA9001E90C2 /* DogsViewController.swift */ = {isa = PBXFileReference; fileEncoding = 4; lastKnownFileType = sourcecode.swift; path = DogsViewController.swift; sourceTree = "<group>"; };
		08D19D6A20407AA9001E90C2 /* Dog.swift */ = {isa = PBXFileReference; fileEncoding = 4; lastKnownFileType = sourcecode.swift; path = Dog.swift; sourceTree = "<group>"; };
		08D19D6C20407AA9001E90C2 /* DogParse.swift */ = {isa = PBXFileReference; fileEncoding = 4; lastKnownFileType = sourcecode.swift; path = DogParse.swift; sourceTree = "<group>"; };
		08D19D6D20407AA9001E90C2 /* RandomImageParse.swift */ = {isa = PBXFileReference; fileEncoding = 4; lastKnownFileType = sourcecode.swift; path = RandomImageParse.swift; sourceTree = "<group>"; };
		08D19D6F20407AA9001E90C2 /* DogsViewModel.swift */ = {isa = PBXFileReference; fileEncoding = 4; lastKnownFileType = sourcecode.swift; path = DogsViewModel.swift; sourceTree = "<group>"; };
		08D19D7020407AA9001E90C2 /* DogViewModel.swift */ = {isa = PBXFileReference; fileEncoding = 4; lastKnownFileType = sourcecode.swift; path = DogViewModel.swift; sourceTree = "<group>"; };
		08D19D7220407AA9001E90C2 /* DogsViewController.xib */ = {isa = PBXFileReference; fileEncoding = 4; lastKnownFileType = file.xib; path = DogsViewController.xib; sourceTree = "<group>"; };
		08D19D7320407AA9001E90C2 /* DogTableViewCell.swift */ = {isa = PBXFileReference; fileEncoding = 4; lastKnownFileType = sourcecode.swift; path = DogTableViewCell.swift; sourceTree = "<group>"; };
		08D19D7420407AA9001E90C2 /* DogTableViewCell.xib */ = {isa = PBXFileReference; fileEncoding = 4; lastKnownFileType = file.xib; path = DogTableViewCell.xib; sourceTree = "<group>"; };
		08D19D7E20407ADA001E90C2 /* DogsTableViewDataSource.swift */ = {isa = PBXFileReference; lastKnownFileType = sourcecode.swift; path = DogsTableViewDataSource.swift; sourceTree = "<group>"; };
		08DE9C8E203D946A0007FC14 /* SwiftMVVM.app */ = {isa = PBXFileReference; explicitFileType = wrapper.application; includeInIndex = 0; path = SwiftMVVM.app; sourceTree = BUILT_PRODUCTS_DIR; };
		08DE9C91203D946A0007FC14 /* AppDelegate.swift */ = {isa = PBXFileReference; lastKnownFileType = sourcecode.swift; path = AppDelegate.swift; sourceTree = "<group>"; };
		08DE9C98203D946A0007FC14 /* Assets.xcassets */ = {isa = PBXFileReference; lastKnownFileType = folder.assetcatalog; path = Assets.xcassets; sourceTree = "<group>"; };
		08DE9C9B203D946A0007FC14 /* Base */ = {isa = PBXFileReference; lastKnownFileType = file.storyboard; name = Base; path = Base.lproj/LaunchScreen.storyboard; sourceTree = "<group>"; };
		08DE9C9D203D946A0007FC14 /* Info.plist */ = {isa = PBXFileReference; lastKnownFileType = text.plist.xml; path = Info.plist; sourceTree = "<group>"; };
		08DE9CA2203D946A0007FC14 /* SwiftMVVMTests.xctest */ = {isa = PBXFileReference; explicitFileType = wrapper.cfbundle; includeInIndex = 0; path = SwiftMVVMTests.xctest; sourceTree = BUILT_PRODUCTS_DIR; };
		08DE9CA8203D946A0007FC14 /* Info.plist */ = {isa = PBXFileReference; lastKnownFileType = text.plist.xml; path = Info.plist; sourceTree = "<group>"; };
		08DE9CB3203D94CD0007FC14 /* Coordinator.swift */ = {isa = PBXFileReference; lastKnownFileType = sourcecode.swift; path = Coordinator.swift; sourceTree = "<group>"; };
		08DE9CC3203D98320007FC14 /* APIService.swift */ = {isa = PBXFileReference; lastKnownFileType = sourcecode.swift; path = APIService.swift; sourceTree = "<group>"; };
/* End PBXFileReference section */

/* Begin PBXFrameworksBuildPhase section */
		08DE9C8B203D946A0007FC14 /* Frameworks */ = {
			isa = PBXFrameworksBuildPhase;
			buildActionMask = 2147483647;
			files = (
			);
			runOnlyForDeploymentPostprocessing = 0;
		};
		08DE9C9F203D946A0007FC14 /* Frameworks */ = {
			isa = PBXFrameworksBuildPhase;
			buildActionMask = 2147483647;
			files = (
			);
			runOnlyForDeploymentPostprocessing = 0;
		};
/* End PBXFrameworksBuildPhase section */

/* Begin PBXGroup section */
		08D19D3A20403D96001E90C2 /* Parse */ = {
			isa = PBXGroup;
			children = (
				0897B7F82040375500D88BF9 /* DogParseTests.swift */,
			);
			path = Parse;
			sourceTree = "<group>";
		};
		08D19D5320405DF7001E90C2 /* Utils */ = {
			isa = PBXGroup;
			children = (
				08DE9CB3203D94CD0007FC14 /* Coordinator.swift */,
				08D19D5420405E06001E90C2 /* UIImageView+Extension.swift */,
			);
			path = Utils;
			sourceTree = "<group>";
		};
		08D19D5A204075CC001E90C2 /* ViewModels */ = {
			isa = PBXGroup;
			children = (
				08D19D5C204075F8001E90C2 /* DogViewModelTests.swift */,
			);
			path = ViewModels;
			sourceTree = "<group>";
		};
		08D19D6020407A2F001E90C2 /* Common */ = {
			isa = PBXGroup;
			children = (
				08D19D6120407A3B001E90C2 /* Models */,
				08D19D5320405DF7001E90C2 /* Utils */,
			);
			path = Common;
			sourceTree = "<group>";
		};
		08D19D6120407A3B001E90C2 /* Models */ = {
			isa = PBXGroup;
			children = (
				08D19D6220407A52001E90C2 /* Response.swift */,
				08D19D6420407A71001E90C2 /* CustomError.swift */,
			);
			path = Models;
			sourceTree = "<group>";
		};
		08D19D6620407AA9001E90C2 /* Dogs */ = {
			isa = PBXGroup;
			children = (
				08D19D6720407AA9001E90C2 /* Controllers */,
				08D19D6920407AA9001E90C2 /* Models */,
				08D19D6B20407AA9001E90C2 /* Parsers */,
				08D19D6E20407AA9001E90C2 /* ViewModels */,
				08D19D7120407AA9001E90C2 /* Views */,
			);
			path = Dogs;
			sourceTree = "<group>";
		};
		08D19D6720407AA9001E90C2 /* Controllers */ = {
			isa = PBXGroup;
			children = (
				08D19D6820407AA9001E90C2 /* DogsViewController.swift */,
				08D19D7E20407ADA001E90C2 /* DogsTableViewDataSource.swift */,
			);
			path = Controllers;
			sourceTree = "<group>";
		};
		08D19D6920407AA9001E90C2 /* Models */ = {
			isa = PBXGroup;
			children = (
				08D19D6A20407AA9001E90C2 /* Dog.swift */,
			);
			path = Models;
			sourceTree = "<group>";
		};
		08D19D6B20407AA9001E90C2 /* Parsers */ = {
			isa = PBXGroup;
			children = (
				08D19D6C20407AA9001E90C2 /* DogParse.swift */,
				08D19D6D20407AA9001E90C2 /* RandomImageParse.swift */,
			);
			path = Parsers;
			sourceTree = "<group>";
		};
		08D19D6E20407AA9001E90C2 /* ViewModels */ = {
			isa = PBXGroup;
			children = (
				08D19D6F20407AA9001E90C2 /* DogsViewModel.swift */,
				08D19D7020407AA9001E90C2 /* DogViewModel.swift */,
			);
			path = ViewModels;
			sourceTree = "<group>";
		};
		08D19D7120407AA9001E90C2 /* Views */ = {
			isa = PBXGroup;
			children = (
				08D19D7220407AA9001E90C2 /* DogsViewController.xib */,
				08D19D7320407AA9001E90C2 /* DogTableViewCell.swift */,
				08D19D7420407AA9001E90C2 /* DogTableViewCell.xib */,
			);
			path = Views;
			sourceTree = "<group>";
		};
		08DE9C85203D94690007FC14 = {
			isa = PBXGroup;
			children = (
				08DE9C90203D946A0007FC14 /* SwiftMVVM */,
				08DE9CA5203D946A0007FC14 /* SwiftMVVMTests */,
				08DE9C8F203D946A0007FC14 /* Products */,
			);
			sourceTree = "<group>";
		};
		08DE9C8F203D946A0007FC14 /* Products */ = {
			isa = PBXGroup;
			children = (
				08DE9C8E203D946A0007FC14 /* SwiftMVVM.app */,
				08DE9CA2203D946A0007FC14 /* SwiftMVVMTests.xctest */,
			);
			name = Products;
			sourceTree = "<group>";
		};
		08DE9C90203D946A0007FC14 /* SwiftMVVM */ = {
			isa = PBXGroup;
			children = (
				08D19D6020407A2F001E90C2 /* Common */,
				08DE9CB2203D94C30007FC14 /* Modules */,
				08DE9CB1203D94B60007FC14 /* APIs */,
				08DE9C91203D946A0007FC14 /* AppDelegate.swift */,
				08DE9C98203D946A0007FC14 /* Assets.xcassets */,
				08DE9C9A203D946A0007FC14 /* LaunchScreen.storyboard */,
				08DE9C9D203D946A0007FC14 /* Info.plist */,
			);
			path = SwiftMVVM;
			sourceTree = "<group>";
		};
		08DE9CA5203D946A0007FC14 /* SwiftMVVMTests */ = {
			isa = PBXGroup;
			children = (
				08D19D5A204075CC001E90C2 /* ViewModels */,
				08D19D3A20403D96001E90C2 /* Parse */,
				08DE9CA8203D946A0007FC14 /* Info.plist */,
			);
			path = SwiftMVVMTests;
			sourceTree = "<group>";
		};
		08DE9CB1203D94B60007FC14 /* APIs */ = {
			isa = PBXGroup;
			children = (
				08D19D5620405F0A001E90C2 /* ImageCache.swift */,
				08DE9CC3203D98320007FC14 /* APIService.swift */,
			);
			path = APIs;
			sourceTree = "<group>";
		};
		08DE9CB2203D94C30007FC14 /* Modules */ = {
			isa = PBXGroup;
			children = (
				08D19D6620407AA9001E90C2 /* Dogs */,
				08DE9CB6203D94D50007FC14 /* Detail */,
			);
			path = Modules;
			sourceTree = "<group>";
		};
		08DE9CB6203D94D50007FC14 /* Detail */ = {
			isa = PBXGroup;
			children = (
			);
			path = Detail;
			sourceTree = "<group>";
		};
/* End PBXGroup section */

/* Begin PBXNativeTarget section */
		08DE9C8D203D946A0007FC14 /* SwiftMVVM */ = {
			isa = PBXNativeTarget;
			buildConfigurationList = 08DE9CAB203D946A0007FC14 /* Build configuration list for PBXNativeTarget "SwiftMVVM" */;
			buildPhases = (
				08DE9C8A203D946A0007FC14 /* Sources */,
				08DE9C8B203D946A0007FC14 /* Frameworks */,
				08DE9C8C203D946A0007FC14 /* Resources */,
			);
			buildRules = (
			);
			dependencies = (
			);
			name = SwiftMVVM;
			productName = SwiftMVVM;
			productReference = 08DE9C8E203D946A0007FC14 /* SwiftMVVM.app */;
			productType = "com.apple.product-type.application";
		};
		08DE9CA1203D946A0007FC14 /* SwiftMVVMTests */ = {
			isa = PBXNativeTarget;
			buildConfigurationList = 08DE9CAE203D946A0007FC14 /* Build configuration list for PBXNativeTarget "SwiftMVVMTests" */;
			buildPhases = (
				08DE9C9E203D946A0007FC14 /* Sources */,
				08DE9C9F203D946A0007FC14 /* Frameworks */,
				08DE9CA0203D946A0007FC14 /* Resources */,
			);
			buildRules = (
			);
			dependencies = (
				08DE9CA4203D946A0007FC14 /* PBXTargetDependency */,
			);
			name = SwiftMVVMTests;
			productName = SwiftMVVMTests;
			productReference = 08DE9CA2203D946A0007FC14 /* SwiftMVVMTests.xctest */;
			productType = "com.apple.product-type.bundle.unit-test";
		};
/* End PBXNativeTarget section */

/* Begin PBXProject section */
		08DE9C86203D946A0007FC14 /* Project object */ = {
			isa = PBXProject;
			attributes = {
				LastSwiftUpdateCheck = 0920;
				LastUpgradeCheck = 0920;
				ORGANIZATIONNAME = acsanchezcu;
				TargetAttributes = {
					08DE9C8D203D946A0007FC14 = {
						CreatedOnToolsVersion = 9.2;
						ProvisioningStyle = Automatic;
					};
					08DE9CA1203D946A0007FC14 = {
						CreatedOnToolsVersion = 9.2;
						ProvisioningStyle = Automatic;
						TestTargetID = 08DE9C8D203D946A0007FC14;
					};
				};
			};
			buildConfigurationList = 08DE9C89203D946A0007FC14 /* Build configuration list for PBXProject "SwiftMVVM" */;
			compatibilityVersion = "Xcode 8.0";
			developmentRegion = en;
			hasScannedForEncodings = 0;
			knownRegions = (
				en,
				Base,
			);
			mainGroup = 08DE9C85203D94690007FC14;
			productRefGroup = 08DE9C8F203D946A0007FC14 /* Products */;
			projectDirPath = "";
			projectRoot = "";
			targets = (
				08DE9C8D203D946A0007FC14 /* SwiftMVVM */,
				08DE9CA1203D946A0007FC14 /* SwiftMVVMTests */,
			);
		};
/* End PBXProject section */

/* Begin PBXResourcesBuildPhase section */
		08DE9C8C203D946A0007FC14 /* Resources */ = {
			isa = PBXResourcesBuildPhase;
			buildActionMask = 2147483647;
			files = (
				08D19D7D20407AA9001E90C2 /* DogTableViewCell.xib in Resources */,
				08DE9C9C203D946A0007FC14 /* LaunchScreen.storyboard in Resources */,
				08DE9C99203D946A0007FC14 /* Assets.xcassets in Resources */,
				08D19D7B20407AA9001E90C2 /* DogsViewController.xib in Resources */,
			);
			runOnlyForDeploymentPostprocessing = 0;
		};
		08DE9CA0203D946A0007FC14 /* Resources */ = {
			isa = PBXResourcesBuildPhase;
			buildActionMask = 2147483647;
			files = (
			);
			runOnlyForDeploymentPostprocessing = 0;
		};
/* End PBXResourcesBuildPhase section */

/* Begin PBXSourcesBuildPhase section */
		08DE9C8A203D946A0007FC14 /* Sources */ = {
			isa = PBXSourcesBuildPhase;
			buildActionMask = 2147483647;
			files = (
				08D19D5720405F0A001E90C2 /* ImageCache.swift in Sources */,
				08D19D7C20407AA9001E90C2 /* DogTableViewCell.swift in Sources */,
				08DE9CB4203D94CD0007FC14 /* Coordinator.swift in Sources */,
				08DE9C92203D946A0007FC14 /* AppDelegate.swift in Sources */,
				08DE9CC4203D98320007FC14 /* APIService.swift in Sources */,
				08D19D6320407A52001E90C2 /* Response.swift in Sources */,
				08D19D7F20407ADA001E90C2 /* DogsTableViewDataSource.swift in Sources */,
				08D19D7A20407AA9001E90C2 /* DogViewModel.swift in Sources */,
				08D19D7720407AA9001E90C2 /* DogParse.swift in Sources */,
				08D19D7520407AA9001E90C2 /* DogsViewController.swift in Sources */,
				08D19D6520407A71001E90C2 /* CustomError.swift in Sources */,
				08D19D5520405E06001E90C2 /* UIImageView+Extension.swift in Sources */,
				08D19D7820407AA9001E90C2 /* RandomImageParse.swift in Sources */,
				08D19D7620407AA9001E90C2 /* Dog.swift in Sources */,
				08D19D7920407AA9001E90C2 /* DogsViewModel.swift in Sources */,
			);
			runOnlyForDeploymentPostprocessing = 0;
		};
		08DE9C9E203D946A0007FC14 /* Sources */ = {
			isa = PBXSourcesBuildPhase;
			buildActionMask = 2147483647;
			files = (
				0897B7F92040375500D88BF9 /* DogParseTests.swift in Sources */,
				08D19D5D204075F8001E90C2 /* DogViewModelTests.swift in Sources */,
			);
			runOnlyForDeploymentPostprocessing = 0;
		};
/* End PBXSourcesBuildPhase section */

/* Begin PBXTargetDependency section */
		08DE9CA4203D946A0007FC14 /* PBXTargetDependency */ = {
			isa = PBXTargetDependency;
			target = 08DE9C8D203D946A0007FC14 /* SwiftMVVM */;
			targetProxy = 08DE9CA3203D946A0007FC14 /* PBXContainerItemProxy */;
		};
/* End PBXTargetDependency section */

/* Begin PBXVariantGroup section */
		08DE9C9A203D946A0007FC14 /* LaunchScreen.storyboard */ = {
			isa = PBXVariantGroup;
			children = (
				08DE9C9B203D946A0007FC14 /* Base */,
			);
			name = LaunchScreen.storyboard;
			sourceTree = "<group>";
		};
/* End PBXVariantGroup section */

/* Begin XCBuildConfiguration section */
		08DE9CA9203D946A0007FC14 /* Debug */ = {
			isa = XCBuildConfiguration;
			buildSettings = {
				ALWAYS_SEARCH_USER_PATHS = NO;
				CLANG_ANALYZER_NONNULL = YES;
				CLANG_ANALYZER_NUMBER_OBJECT_CONVERSION = YES_AGGRESSIVE;
				CLANG_CXX_LANGUAGE_STANDARD = "gnu++14";
				CLANG_CXX_LIBRARY = "libc++";
				CLANG_ENABLE_MODULES = YES;
				CLANG_ENABLE_OBJC_ARC = YES;
				CLANG_WARN_BLOCK_CAPTURE_AUTORELEASING = YES;
				CLANG_WARN_BOOL_CONVERSION = YES;
				CLANG_WARN_COMMA = YES;
				CLANG_WARN_CONSTANT_CONVERSION = YES;
				CLANG_WARN_DIRECT_OBJC_ISA_USAGE = YES_ERROR;
				CLANG_WARN_DOCUMENTATION_COMMENTS = YES;
				CLANG_WARN_EMPTY_BODY = YES;
				CLANG_WARN_ENUM_CONVERSION = YES;
				CLANG_WARN_INFINITE_RECURSION = YES;
				CLANG_WARN_INT_CONVERSION = YES;
				CLANG_WARN_NON_LITERAL_NULL_CONVERSION = YES;
				CLANG_WARN_OBJC_LITERAL_CONVERSION = YES;
				CLANG_WARN_OBJC_ROOT_CLASS = YES_ERROR;
				CLANG_WARN_RANGE_LOOP_ANALYSIS = YES;
				CLANG_WARN_STRICT_PROTOTYPES = YES;
				CLANG_WARN_SUSPICIOUS_MOVE = YES;
				CLANG_WARN_UNGUARDED_AVAILABILITY = YES_AGGRESSIVE;
				CLANG_WARN_UNREACHABLE_CODE = YES;
				CLANG_WARN__DUPLICATE_METHOD_MATCH = YES;
				CODE_SIGN_IDENTITY = "iPhone Developer";
				COPY_PHASE_STRIP = NO;
				DEBUG_INFORMATION_FORMAT = dwarf;
				ENABLE_STRICT_OBJC_MSGSEND = YES;
				ENABLE_TESTABILITY = YES;
				GCC_C_LANGUAGE_STANDARD = gnu11;
				GCC_DYNAMIC_NO_PIC = NO;
				GCC_NO_COMMON_BLOCKS = YES;
				GCC_OPTIMIZATION_LEVEL = 0;
				GCC_PREPROCESSOR_DEFINITIONS = (
					"DEBUG=1",
					"$(inherited)",
				);
				GCC_WARN_64_TO_32_BIT_CONVERSION = YES;
				GCC_WARN_ABOUT_RETURN_TYPE = YES_ERROR;
				GCC_WARN_UNDECLARED_SELECTOR = YES;
				GCC_WARN_UNINITIALIZED_AUTOS = YES_AGGRESSIVE;
				GCC_WARN_UNUSED_FUNCTION = YES;
				GCC_WARN_UNUSED_VARIABLE = YES;
				IPHONEOS_DEPLOYMENT_TARGET = 11.2;
				MTL_ENABLE_DEBUG_INFO = YES;
				ONLY_ACTIVE_ARCH = YES;
				SDKROOT = iphoneos;
				SWIFT_ACTIVE_COMPILATION_CONDITIONS = DEBUG;
				SWIFT_OPTIMIZATION_LEVEL = "-Onone";
			};
			name = Debug;
		};
		08DE9CAA203D946A0007FC14 /* Release */ = {
			isa = XCBuildConfiguration;
			buildSettings = {
				ALWAYS_SEARCH_USER_PATHS = NO;
				CLANG_ANALYZER_NONNULL = YES;
				CLANG_ANALYZER_NUMBER_OBJECT_CONVERSION = YES_AGGRESSIVE;
				CLANG_CXX_LANGUAGE_STANDARD = "gnu++14";
				CLANG_CXX_LIBRARY = "libc++";
				CLANG_ENABLE_MODULES = YES;
				CLANG_ENABLE_OBJC_ARC = YES;
				CLANG_WARN_BLOCK_CAPTURE_AUTORELEASING = YES;
				CLANG_WARN_BOOL_CONVERSION = YES;
				CLANG_WARN_COMMA = YES;
				CLANG_WARN_CONSTANT_CONVERSION = YES;
				CLANG_WARN_DIRECT_OBJC_ISA_USAGE = YES_ERROR;
				CLANG_WARN_DOCUMENTATION_COMMENTS = YES;
				CLANG_WARN_EMPTY_BODY = YES;
				CLANG_WARN_ENUM_CONVERSION = YES;
				CLANG_WARN_INFINITE_RECURSION = YES;
				CLANG_WARN_INT_CONVERSION = YES;
				CLANG_WARN_NON_LITERAL_NULL_CONVERSION = YES;
				CLANG_WARN_OBJC_LITERAL_CONVERSION = YES;
				CLANG_WARN_OBJC_ROOT_CLASS = YES_ERROR;
				CLANG_WARN_RANGE_LOOP_ANALYSIS = YES;
				CLANG_WARN_STRICT_PROTOTYPES = YES;
				CLANG_WARN_SUSPICIOUS_MOVE = YES;
				CLANG_WARN_UNGUARDED_AVAILABILITY = YES_AGGRESSIVE;
				CLANG_WARN_UNREACHABLE_CODE = YES;
				CLANG_WARN__DUPLICATE_METHOD_MATCH = YES;
				CODE_SIGN_IDENTITY = "iPhone Developer";
				COPY_PHASE_STRIP = NO;
				DEBUG_INFORMATION_FORMAT = "dwarf-with-dsym";
				ENABLE_NS_ASSERTIONS = NO;
				ENABLE_STRICT_OBJC_MSGSEND = YES;
				GCC_C_LANGUAGE_STANDARD = gnu11;
				GCC_NO_COMMON_BLOCKS = YES;
				GCC_WARN_64_TO_32_BIT_CONVERSION = YES;
				GCC_WARN_ABOUT_RETURN_TYPE = YES_ERROR;
				GCC_WARN_UNDECLARED_SELECTOR = YES;
				GCC_WARN_UNINITIALIZED_AUTOS = YES_AGGRESSIVE;
				GCC_WARN_UNUSED_FUNCTION = YES;
				GCC_WARN_UNUSED_VARIABLE = YES;
				IPHONEOS_DEPLOYMENT_TARGET = 11.2;
				MTL_ENABLE_DEBUG_INFO = NO;
				SDKROOT = iphoneos;
				SWIFT_OPTIMIZATION_LEVEL = "-Owholemodule";
				VALIDATE_PRODUCT = YES;
			};
			name = Release;
		};
		08DE9CAC203D946A0007FC14 /* Debug */ = {
			isa = XCBuildConfiguration;
			buildSettings = {
				ASSETCATALOG_COMPILER_APPICON_NAME = AppIcon;
				CODE_SIGN_STYLE = Automatic;
				DEVELOPMENT_TEAM = A8GM57A6DQ;
				INFOPLIST_FILE = SwiftMVVM/Info.plist;
				LD_RUNPATH_SEARCH_PATHS = "$(inherited) @executable_path/Frameworks";
				PRODUCT_BUNDLE_IDENTIFIER = com.acsanchezcu.SwiftMVVM;
				PRODUCT_NAME = "$(TARGET_NAME)";
				SWIFT_VERSION = 4.0;
				TARGETED_DEVICE_FAMILY = "1,2";
			};
			name = Debug;
		};
		08DE9CAD203D946A0007FC14 /* Release */ = {
			isa = XCBuildConfiguration;
			buildSettings = {
				ASSETCATALOG_COMPILER_APPICON_NAME = AppIcon;
				CODE_SIGN_STYLE = Automatic;
				DEVELOPMENT_TEAM = A8GM57A6DQ;
				INFOPLIST_FILE = SwiftMVVM/Info.plist;
				LD_RUNPATH_SEARCH_PATHS = "$(inherited) @executable_path/Frameworks";
				PRODUCT_BUNDLE_IDENTIFIER = com.acsanchezcu.SwiftMVVM;
				PRODUCT_NAME = "$(TARGET_NAME)";
				SWIFT_VERSION = 4.0;
				TARGETED_DEVICE_FAMILY = "1,2";
			};
			name = Release;
		};
		08DE9CAF203D946A0007FC14 /* Debug */ = {
			isa = XCBuildConfiguration;
			buildSettings = {
				ALWAYS_EMBED_SWIFT_STANDARD_LIBRARIES = YES;
				BUNDLE_LOADER = "$(TEST_HOST)";
				CODE_SIGN_STYLE = Automatic;
				DEVELOPMENT_TEAM = A8GM57A6DQ;
				INFOPLIST_FILE = SwiftMVVMTests/Info.plist;
				LD_RUNPATH_SEARCH_PATHS = "$(inherited) @executable_path/Frameworks @loader_path/Frameworks";
				PRODUCT_BUNDLE_IDENTIFIER = com.acsanchezcu.SwiftMVVMTests;
				PRODUCT_NAME = "$(TARGET_NAME)";
				SWIFT_VERSION = 4.0;
				TARGETED_DEVICE_FAMILY = "1,2";
				TEST_HOST = "$(BUILT_PRODUCTS_DIR)/SwiftMVVM.app/SwiftMVVM";
			};
			name = Debug;
		};
		08DE9CB0203D946A0007FC14 /* Release */ = {
			isa = XCBuildConfiguration;
			buildSettings = {
				ALWAYS_EMBED_SWIFT_STANDARD_LIBRARIES = YES;
				BUNDLE_LOADER = "$(TEST_HOST)";
				CODE_SIGN_STYLE = Automatic;
				DEVELOPMENT_TEAM = A8GM57A6DQ;
				INFOPLIST_FILE = SwiftMVVMTests/Info.plist;
				LD_RUNPATH_SEARCH_PATHS = "$(inherited) @executable_path/Frameworks @loader_path/Frameworks";
				PRODUCT_BUNDLE_IDENTIFIER = com.acsanchezcu.SwiftMVVMTests;
				PRODUCT_NAME = "$(TARGET_NAME)";
				SWIFT_VERSION = 4.0;
				TARGETED_DEVICE_FAMILY = "1,2";
				TEST_HOST = "$(BUILT_PRODUCTS_DIR)/SwiftMVVM.app/SwiftMVVM";
			};
			name = Release;
		};
/* End XCBuildConfiguration section */

/* Begin XCConfigurationList section */
		08DE9C89203D946A0007FC14 /* Build configuration list for PBXProject "SwiftMVVM" */ = {
			isa = XCConfigurationList;
			buildConfigurations = (
				08DE9CA9203D946A0007FC14 /* Debug */,
				08DE9CAA203D946A0007FC14 /* Release */,
			);
			defaultConfigurationIsVisible = 0;
			defaultConfigurationName = Release;
		};
		08DE9CAB203D946A0007FC14 /* Build configuration list for PBXNativeTarget "SwiftMVVM" */ = {
			isa = XCConfigurationList;
			buildConfigurations = (
				08DE9CAC203D946A0007FC14 /* Debug */,
				08DE9CAD203D946A0007FC14 /* Release */,
			);
			defaultConfigurationIsVisible = 0;
			defaultConfigurationName = Release;
		};
		08DE9CAE203D946A0007FC14 /* Build configuration list for PBXNativeTarget "SwiftMVVMTests" */ = {
			isa = XCConfigurationList;
			buildConfigurations = (
				08DE9CAF203D946A0007FC14 /* Debug */,
				08DE9CB0203D946A0007FC14 /* Release */,
			);
			defaultConfigurationIsVisible = 0;
			defaultConfigurationName = Release;
		};
/* End XCConfigurationList section */
	};
	rootObject = 08DE9C86203D946A0007FC14 /* Project object */;
}
